
Microsoft Visual Studio Solution File, Format Version 12.00
# Visual Studio Version 17
VisualStudioVersion = 17.14.36603.0
MinimumVisualStudioVersion = 10.0.40219.1
Project("{FAE04EC0-301F-11D3-BF4B-00C04F79EFBC}") = "Kaida.AuthServer.Tests", "Kaida.AuthServer.Tests\Kaida.AuthServer.Tests.csproj", "{7361B216-557C-469E-8C8E-B1634F3E652D}"
EndProject
Project("{FAE04EC0-301F-11D3-BF4B-00C04F79EFBC}") = "Kaida.Blazor", "Kaida.Blazor\Kaida.Blazor.csproj", "{E251AA94-BCE3-4B7F-BE6B-4B65DBD9E924}"
EndProject
Project("{2150E333-8FDC-42A3-9474-1A3956D46DE8}") = "Solution Items", "Solution Items", "{8EC462FD-D22E-90A8-E5CE-7E832BA40C5D}"
	ProjectSection(SolutionItems) = preProject
		README.md = README.md
		README2.MD = README2.MD
	EndProjectSection
EndProject
Project("{FAE04EC0-301F-11D3-BF4B-00C04F79EFBC}") = "Kaida.AuthServer", "Kaida.AuthServer\Kaida.AuthServer.csproj", "{7DF9F0DD-D634-4F3D-A7D3-C5B88DDE4B76}"
EndProject
Project("{FAE04EC0-301F-11D3-BF4B-00C04F79EFBC}") = "Kaida.AuthServer.Old", "Kaida.AuthServer.Old\Kaida.AuthServer.Old.csproj", "{C7D3DF1D-02E0-0370-E83D-B8B3F772DD82}"
EndProject
Global
	GlobalSection(SolutionConfigurationPlatforms) = preSolution
		Debug|Any CPU = Debug|Any CPU
		Release|Any CPU = Release|Any CPU
	EndGlobalSection
	GlobalSection(ProjectConfigurationPlatforms) = postSolution
		{7361B216-557C-469E-8C8E-B1634F3E652D}.Debug|Any CPU.ActiveCfg = Debug|Any CPU
		{7361B216-557C-469E-8C8E-B1634F3E652D}.Debug|Any CPU.Build.0 = Debug|Any CPU
		{7361B216-557C-469E-8C8E-B1634F3E652D}.Release|Any CPU.ActiveCfg = Release|Any CPU
		{7361B216-557C-469E-8C8E-B1634F3E652D}.Release|Any CPU.Build.0 = Release|Any CPU
		{E251AA94-BCE3-4B7F-BE6B-4B65DBD9E924}.Debug|Any CPU.ActiveCfg = Debug|Any CPU
		{E251AA94-BCE3-4B7F-BE6B-4B65DBD9E924}.Debug|Any CPU.Build.0 = Debug|Any CPU
		{E251AA94-BCE3-4B7F-BE6B-4B65DBD9E924}.Release|Any CPU.ActiveCfg = Release|Any CPU
		{E251AA94-BCE3-4B7F-BE6B-4B65DBD9E924}.Release|Any CPU.Build.0 = Release|Any CPU
		{7DF9F0DD-D634-4F3D-A7D3-C5B88DDE4B76}.Debug|Any CPU.ActiveCfg = Debug|Any CPU
		{7DF9F0DD-D634-4F3D-A7D3-C5B88DDE4B76}.Debug|Any CPU.Build.0 = Debug|Any CPU
		{7DF9F0DD-D634-4F3D-A7D3-C5B88DDE4B76}.Release|Any CPU.ActiveCfg = Release|Any CPU
		{7DF9F0DD-D634-4F3D-A7D3-C5B88DDE4B76}.Release|Any CPU.Build.0 = Release|Any CPU
		{C7D3DF1D-02E0-0370-E83D-B8B3F772DD82}.Debug|Any CPU.ActiveCfg = Debug|Any CPU
		{C7D3DF1D-02E0-0370-E83D-B8B3F772DD82}.Debug|Any CPU.Build.0 = Debug|Any CPU
		{C7D3DF1D-02E0-0370-E83D-B8B3F772DD82}.Release|Any CPU.ActiveCfg = Release|Any CPU
		{C7D3DF1D-02E0-0370-E83D-B8B3F772DD82}.Release|Any CPU.Build.0 = Release|Any CPU
	EndGlobalSection
	GlobalSection(SolutionProperties) = preSolution
		HideSolutionNode = FALSE
	EndGlobalSection
	GlobalSection(ExtensibilityGlobals) = postSolution
		SolutionGuid = {8DF46F17-BA11-4C89-94AA-9D51DC02FAAE}
	EndGlobalSection
EndGlobal
